{
  "version": 4,
  "terraform_version": "1.15.7",
  "serial": 52,
  "lineage": "8c5bba20-ffc6-4fa8-78c6-a6c0e9f1a807",
  "outputs": {
    "eks_cluster_endpoint": {
      "value": "https://7A4AB6032AC1FADB8F4E42EDC1FDE1A3.gr7.ap-south-1.eks.amazonaws.com",
      "type": "string"
    },
    "eks_cluster_name": {
      "value": "flask-ecommerce-dev-eks",
      "type": "string"
    },
    "eks_cluster_role_arn": {
      "value": "arn:aws:iam::755917176506:role/flask-ecommerce-dev-eks-cluster-role",
      "type": "string"
    },
    "eks_cluster_security_group": {
      "value": "sg-0518a4c647f316f75",
      "type": "string"
    },
    "eks_cluster_version": {
      "value": "1.31",
      "type": "string"
    },
    "internet_gateway_id": {
      "value": "igw-0e9c2fa39d6a1eb30",
      "type": "string"
    },
    "node_group_name": {
      "value": "flask-ecommerce-dev-nodes",
      "type": "string"
    },
    "private_route_table_id": {
      "value": "rtb-0dc338168195241de",
      "type": "string"
    },
    "private_subnet_1": {
      "value": "subnet-0831f572c2fd2b5cb",
      "type": "string"
    },
    "private_subnet_2": {
      "value": "subnet-0c4a03dfe7ce77686",
      "type": "string"
    },
    "public_route_table_id": {
      "value": "rtb-0e21efaf97001c243",
      "type": "string"
    },
    "public_subnet_1": {
      "value": "subnet-09453e79d76114cf1",
      "type": "string"
    },
    "public_subnet_2": {
      "value": "subnet-08fcec52b115ef675",
      "type": "string"
    },
    "vpc_cidr": {
      "value": "10.0.0.0/16",
      "type": "string"
    },
    "vpc_id": {
      "value": "vpc-0cec188146c2a62f7",
      "type": "string"
    },
    "worker_node_role_arn": {
      "value": "arn:aws:iam::755917176506:role/flask-ecommerce-dev-worker-node-role",
      "type": "string"
    },
    "worker_node_security_group": {
      "value": "sg-0c5d44334a47ebb70",
      "type": "string"
    }
  },
  "resources": [
    {
      "mode": "managed",
      "type": "aws_eip",
      "name": "nat",
      "provider": "provider[\"registry.terraform.io/hashicorp/aws\"]",
      "instances": [
        {
          "schema_version": 0,
          "attributes": {
            "address": null,
            "allocation_id": "eipalloc-033d525e98093305b",
            "arn": "arn:aws:ec2:ap-south-1:755917176506:elastic-ip/eipalloc-033d525e98093305b",
            "associate_with_private_ip": null,
            "association_id": "",
            "carrier_ip": "",
            "customer_owned_ip": "",
            "customer_owned_ipv4_pool": "",
            "domain": "vpc",
            "id": "eipalloc-033d525e98093305b",
            "instance": "",
            "ipam_pool_id": null,
            "network_border_group": "ap-south-1",
            "network_interface": "",
            "private_dns": null,
            "private_ip": "",
            "ptr_record": "",
            "public_dns": "ec2-43-205-185-249.ap-south-1.compute.amazonaws.com",
            "public_ip": "43.205.185.249",
            "public_ipv4_pool": "amazon",
            "tags": {
              "Environment": "Dev",
              "Name": "flask-ecommerce-dev-nat-eip",
              "Owner": "Vishwas",
              "Project": "Flask-Ecommerce"
            },
            "tags_all": {
              "Environment": "Dev",
              "Name": "flask-ecommerce-dev-nat-eip",
              "Owner": "Vishwas",
              "Project": "Flask-Ecommerce"
            },
            "timeouts": null,
            "vpc": true
          },
          "sensitive_attributes": [],
          "identity_schema_version": 0,
          "private": "eyJlMmJmYjczMC1lY2FhLTExZTYtOGY4OC0zNDM2M2JjN2M0YzAiOnsiZGVsZXRlIjoxODAwMDAwMDAwMDAsInJlYWQiOjkwMDAwMDAwMDAwMCwidXBkYXRlIjozMDAwMDAwMDAwMDB9fQ=="
        }
      ]
    },
    {
      "mode": "managed",
      "type": "aws_eks_addon",
      "name": "coredns",
      "provider": "provider[\"registry.terraform.io/hashicorp/aws\"]",
      "instances": [
        {
          "schema_version": 0,
          "attributes": {
            "addon_name": "coredns",
            "addon_version": "v1.11.4-eksbuild.39",
            "arn": "arn:aws:eks:ap-south-1:755917176506:addon/flask-ecommerce-dev-eks/coredns/c0cf8c9b-2c46-d0de-9911-c9b22c4d466f",
            "cluster_name": "flask-ecommerce-dev-eks",
            "configuration_values": "",
            "created_at": "2026-06-30T15:46:59Z",
            "id": "flask-ecommerce-dev-eks:coredns",
            "modified_at": "2026-06-30T15:47:13Z",
            "pod_identity_association": [],
            "preserve": null,
            "resolve_conflicts": null,
            "resolve_conflicts_on_create": null,
            "resolve_conflicts_on_update": null,
            "service_account_role_arn": "",
            "tags": null,
            "tags_all": {},
            "timeouts": null
          },
          "sensitive_attributes": [],
          "identity_schema_version": 0,
          "private": "eyJlMmJmYjczMC1lY2FhLTExZTYtOGY4OC0zNDM2M2JjN2M0YzAiOnsiY3JlYXRlIjoxMjAwMDAwMDAwMDAwLCJkZWxldGUiOjI0MDAwMDAwMDAwMDAsInVwZGF0ZSI6MTIwMDAwMDAwMDAwMH19",
          "dependencies": [
            "aws_eks_addon.vpc_cni",
            "aws_eks_cluster.main",
            "aws_eks_node_group.main",
            "aws_iam_role.eks_cluster",
            "aws_iam_role.worker_nodes",
            "aws_iam_role_policy_attachment.cni_policy",
            "aws_iam_role_policy_attachment.ecr_readonly",
            "aws_iam_role_policy_attachment.eks_cluster_policy",
            "aws_iam_role_policy_attachment.worker_node_policy",
            "aws_security_group.eks_cluster",
            "aws_subnet.private_1",
            "aws_subnet.private_2",
            "aws_subnet.public_1",
            "aws_subnet.public_2",
            "aws_vpc.main"
          ]
        }
      ]
    },
    {
      "mode": "managed",
      "type": "aws_eks_addon",
      "name": "kube_proxy",
      "provider": "provider[\"registry.terraform.io/hashicorp/aws\"]",
      "instances": [
        {
          "schema_version": 0,
          "attributes": {
            "addon_name": "kube-proxy",
            "addon_version": "v1.31.14-eksbuild.18",
            "arn": "arn:aws:eks:ap-south-1:755917176506:addon/flask-ecommerce-dev-eks/kube-proxy/90cf8a81-a189-ca77-1906-afa0f0d3db18",
            "cluster_name": "flask-ecommerce-dev-eks",
            "configuration_values": "",
            "created_at": "2026-06-29T20:12:43Z",
            "id": "flask-ecommerce-dev-eks:kube-proxy",
            "modified_at": "2026-06-29T20:12:50Z",
            "pod_identity_association": [],
            "preserve": null,
            "resolve_conflicts": null,
            "resolve_conflicts_on_create": null,
            "resolve_conflicts_on_update": null,
            "service_account_role_arn": "",
            "tags": {},
            "tags_all": {},
            "timeouts": null
          },
          "sensitive_attributes": [],
          "identity_schema_version": 0,
          "private": "eyJlMmJmYjczMC1lY2FhLTExZTYtOGY4OC0zNDM2M2JjN2M0YzAiOnsiY3JlYXRlIjoxMjAwMDAwMDAwMDAwLCJkZWxldGUiOjI0MDAwMDAwMDAwMDAsInVwZGF0ZSI6MTIwMDAwMDAwMDAwMH19",
          "dependencies": [
            "aws_eks_addon.vpc_cni",
            "aws_eks_cluster.main",
            "aws_eks_node_group.main",
            "aws_iam_role.eks_cluster",
            "aws_iam_role.worker_nodes",
            "aws_iam_role_policy_attachment.cni_policy",
            "aws_iam_role_policy_attachment.ecr_readonly",
            "aws_iam_role_policy_attachment.eks_cluster_policy",
            "aws_iam_role_policy_attachment.worker_node_policy",
            "aws_security_group.eks_cluster",
            "aws_subnet.private_1",
            "aws_subnet.private_2",
            "aws_subnet.public_1",
            "aws_subnet.public_2",
            "aws_vpc.main"
          ]
        }
      ]
    },
    {
      "mode": "managed",
      "type": "aws_eks_addon",
      "name": "vpc_cni",
      "provider": "provider[\"registry.terraform.io/hashicorp/aws\"]",
      "instances": [
        {
          "schema_version": 0,
          "attributes": {
            "addon_name": "vpc-cni",
            "addon_version": "v1.21.2-eksbuild.2",
            "arn": "arn:aws:eks:ap-south-1:755917176506:addon/flask-ecommerce-dev-eks/vpc-cni/b6cf8a81-a186-f52f-0244-57eda762f0e9",
            "cluster_name": "flask-ecommerce-dev-eks",
            "configuration_values": "",
            "created_at": "2026-06-29T20:12:43Z",
            "id": "flask-ecommerce-dev-eks:vpc-cni",
            "modified_at": "2026-06-29T20:12:51Z",
            "pod_identity_association": [],
            "preserve": null,
            "resolve_conflicts": null,
            "resolve_conflicts_on_create": null,
            "resolve_conflicts_on_update": null,
            "service_account_role_arn": "",
            "tags": {},
            "tags_all": {},
            "timeouts": null
          },
          "sensitive_attributes": [],
          "identity_schema_version": 0,
          "private": "eyJlMmJmYjczMC1lY2FhLTExZTYtOGY4OC0zNDM2M2JjN2M0YzAiOnsiY3JlYXRlIjoxMjAwMDAwMDAwMDAwLCJkZWxldGUiOjI0MDAwMDAwMDAwMDAsInVwZGF0ZSI6MTIwMDAwMDAwMDAwMH19",
          "dependencies": [
            "aws_eks_cluster.main",
            "aws_iam_role.eks_cluster",
            "aws_iam_role_policy_attachment.eks_cluster_policy",
            "aws_security_group.eks_cluster",
            "aws_subnet.private_1",
            "aws_subnet.private_2",
            "aws_subnet.public_1",
            "aws_subnet.public_2",
            "aws_vpc.main"
          ]
        }
      ]
    },
    {
      "mode": "managed",
      "type": "aws_eks_cluster",
      "name": "main",
      "provider": "provider[\"registry.terraform.io/hashicorp/aws\"]",
      "instances": [
        {
          "schema_version": 1,
          "attributes": {
            "access_config": [
              {
                "authentication_mode": "CONFIG_MAP",
                "bootstrap_cluster_creator_admin_permissions": true
              }
            ],
            "arn": "arn:aws:eks:ap-south-1:755917176506:cluster/flask-ecommerce-dev-eks",
            "bootstrap_self_managed_addons": true,
            "certificate_authority": [
              {
                "data": "LS0tLS1CRUdJTiBDRVJUSUZJQ0FURS0tLS0tCk1JSURCVENDQWUyZ0F3SUJBZ0lJWFB5b2xWK1ZHakF3RFFZSktvWklodmNOQVFFTEJRQXdGVEVUTUJFR0ExVUUKQXhNS2EzVmlaWEp1WlhSbGN6QWVGdzB5TmpBMk1qa3hPVFEzTkRkYUZ3MHpOakEyTWpZeE9UVXlORGRhTUJVeApFekFSQmdOVkJBTVRDbXQxWW1WeWJtVjBaWE13Z2dFaU1BMEdDU3FHU0liM0RRRUJBUVVBQTRJQkR3QXdnZ0VLCkFvSUJBUUNpUG1QdjBpUm9zaW9icHRnSU9HV0xOMTNOMm9RdnBHWVJ3WnNRc3BCUytiQjRzb0tWbWxNY0tpTUsKSHlQaWlLamYvYmdNWlB3OC83ZHBMdmlueWs2ZXZKMjE0aEhRanB2U0VwbXBkV29aZXBXTkVQSlo0UFUrZ1NXdwpLMnpuaG5jNExkUzFweTd5ZmNVbHF3aVVWL3hyRFh5ejlIMzM4L2hzWlFVOVVPQnZSbHhyeVFOUkFDQ3N4NE83Cm84M01jSUJnSHZlSTBYajdCU0F2MUlyMmprOTBBYllMUW5hd1J6emVCWmhDSW5ZVTBVOGZQTXZpNE1KOUlWQVoKUjl2UXpwK3YvQXRJRUxLR0F4bm1tSVVFZDlmNlpjY3J0djRkOTZ4MHVEYVJTdGxCYnlESFdlamd4K0IwcFQ2ZgpYU3ZLOFlyZWRySEJvbHZNbDZnTHRyUjV4d3YvQWdNQkFBR2pXVEJYTUE0R0ExVWREd0VCL3dRRUF3SUNwREFQCkJnTlZIUk1CQWY4RUJUQURBUUgvTUIwR0ExVWREZ1FXQkJTUmNvWE1TSkg0Mk5Ec3FaTTdCelQ4WFpOblVEQVYKQmdOVkhSRUVEakFNZ2dwcmRXSmxjbTVsZEdWek1BMEdDU3FHU0liM0RRRUJDd1VBQTRJQkFRQk5tcjZXbW1SZApRL2xGR252UVdKQnRaV25UMnh2b0EyTjhwQXcrcTdGSFZPSlJ5REh3bnl4VnQ0UlhFdCtKcnI5aFpGRVlJckFMCitHT2FRRzMzTGZUQzNSbDNZblZkR3JUZG02Smo5S2hRODJtNGN1TCttd2Z6SlJqUktMb1prSUpkcnNpNjFXcjAKNlBqVXpEakhjT2M1OXVsN1d3QmFNTWI5cVZ4RnBSRHV5dFhpZEtXeEtmbW5QNFRmbjQ0R1J1bVJhVGlSbFFNagpjeDQxRU5kek1vSDhtL1pIZzZ2TUNFU0VEQUdzNGw4cnNEMzRtUFRxR2xnTTVsVWpETTRCL2xvWDV5ZFFwNElDClc3Z2xFZDRmRTU0ekJzN29uNFhhQTY1UUpBN3FwN2Qxd3UxVU5KM2ZVSDBORGdkVmFvWTE0ektLdVZuVUFSY2sKSWs2R3JtVlo0NGZRCi0tLS0tRU5EIENFUlRJRklDQVRFLS0tLS0K"
              }
            ],
            "cluster_id": null,
            "compute_config": [],
            "created_at": "2026-06-29T19:48:11Z",
            "enabled_cluster_log_types": [],
            "encryption_config": [],
            "endpoint": "https://7A4AB6032AC1FADB8F4E42EDC1FDE1A3.gr7.ap-south-1.eks.amazonaws.com",
            "force_update_version": null,
            "id": "flask-ecommerce-dev-eks",
            "identity": [
              {
                "oidc": [
                  {
                    "issuer": "https://oidc.eks.ap-south-1.amazonaws.com/id/7A4AB6032AC1FADB8F4E42EDC1FDE1A3"
                  }
                ]
              }
            ],
            "kubernetes_network_config": [
              {
                "elastic_load_balancing": [
                  {
                    "enabled": false
                  }
                ],
                "ip_family": "ipv4",
                "service_ipv4_cidr": "172.20.0.0/16",
                "service_ipv6_cidr": ""
              }
            ],
            "name": "flask-ecommerce-dev-eks",
            "outpost_config": [],
            "platform_version": "eks.62",
            "remote_network_config": [],
            "role_arn": "arn:aws:iam::755917176506:role/flask-ecommerce-dev-eks-cluster-role",
            "status": "ACTIVE",
            "storage_config": [],
            "tags": {
              "Environment": "Dev",
              "Name": "flask-ecommerce-dev-eks",
              "Owner": "Vishwas",
              "Project": "Flask-Ecommerce"
            },
            "tags_all": {
              "Environment": "Dev",
              "Name": "flask-ecommerce-dev-eks",
              "Owner": "Vishwas",
              "Project": "Flask-Ecommerce"
            },
            "timeouts": null,
            "upgrade_policy": [
              {
                "support_type": "EXTENDED"
              }
            ],
            "version": "1.31",
            "vpc_config": [
              {
                "cluster_security_group_id": "sg-05af6c456f96eff3d",
                "endpoint_private_access": true,
                "endpoint_public_access": true,
                "public_access_cidrs": [
                  "0.0.0.0/0"
                ],
                "security_group_ids": [
                  "sg-0518a4c647f316f75"
                ],
                "subnet_ids": [
                  "subnet-0831f572c2fd2b5cb",
                  "subnet-08fcec52b115ef675",
                  "subnet-09453e79d76114cf1",
                  "subnet-0c4a03dfe7ce77686"
                ],
                "vpc_id": "vpc-0cec188146c2a62f7"
              }
            ],
            "zonal_shift_config": []
          },
          "sensitive_attributes": [],
          "identity_schema_version": 0,
          "private": "eyJlMmJmYjczMC1lY2FhLTExZTYtOGY4OC0zNDM2M2JjN2M0YzAiOnsiY3JlYXRlIjoxODAwMDAwMDAwMDAwLCJkZWxldGUiOjkwMDAwMDAwMDAwMCwidXBkYXRlIjozNjAwMDAwMDAwMDAwfSwic2NoZW1hX3ZlcnNpb24iOiIxIn0=",
          "dependencies": [
            "aws_iam_role.eks_cluster",
            "aws_iam_role_policy_attachment.eks_cluster_policy",
            "aws_security_group.eks_cluster",
            "aws_subnet.private_1",
            "aws_subnet.private_2",
            "aws_subnet.public_1",
            "aws_subnet.public_2",
            "aws_vpc.main"
          ]
        }
      ]
    },
    {
      "mode": "managed",
      "type": "aws_eks_node_group",
      "name": "main",
      "provider": "provider[\"registry.terraform.io/hashicorp/aws\"]",
      "instances": [
        {
          "schema_version": 0,
          "attributes": {
            "ami_type": "AL2023_x86_64_STANDARD",
            "arn": "arn:aws:eks:ap-south-1:755917176506:nodegroup/flask-ecommerce-dev-eks/flask-ecommerce-dev-nodes/5ccf8c9a-555d-85b3-6b66-94d3bcc90387",
            "capacity_type": "ON_DEMAND",
            "cluster_name": "flask-ecommerce-dev-eks",
            "disk_size": 20,
            "force_update_version": null,
            "id": "flask-ecommerce-dev-eks:flask-ecommerce-dev-nodes",
            "instance_types": [
              "t3.small"
            ],
            "labels": null,
            "launch_template": [],
            "node_group_name": "flask-ecommerce-dev-nodes",
            "node_group_name_prefix": "",
            "node_repair_config": [],
            "node_role_arn": "arn:aws:iam::755917176506:role/flask-ecommerce-dev-worker-node-role",
            "release_version": "1.31.14-20260618",
            "remote_access": [],
            "resources": [
              {
                "autoscaling_groups": [
                  {
                    "name": "eks-flask-ecommerce-dev-nodes-5ccf8c9a-555d-85b3-6b66-94d3bcc90387"
                  }
                ],
                "remote_access_security_group_id": ""
              }
            ],
            "scaling_config": [
              {
                "desired_size": 1,
                "max_size": 2,
                "min_size": 1
              }
            ],
            "status": "ACTIVE",
            "subnet_ids": [
              "subnet-0831f572c2fd2b5cb",
              "subnet-0c4a03dfe7ce77686"
            ],
            "tags": {
              "Environment": "Dev",
              "Name": "flask-ecommerce-dev-node-group",
              "Owner": "Vishwas",
              "Project": "Flask-Ecommerce"
            },
            "tags_all": {
              "Environment": "Dev",
              "Name": "flask-ecommerce-dev-node-group",
              "Owner": "Vishwas",
              "Project": "Flask-Ecommerce"
            },
            "taint": [],
            "timeouts": null,
            "update_config": [
              {
                "max_unavailable": 1,
                "max_unavailable_percentage": 0
              }
            ],
            "version": "1.31"
          },
          "sensitive_attributes": [],
          "identity_schema_version": 0,
          "private": "eyJlMmJmYjczMC1lY2FhLTExZTYtOGY4OC0zNDM2M2JjN2M0YzAiOnsiY3JlYXRlIjozNjAwMDAwMDAwMDAwLCJkZWxldGUiOjM2MDAwMDAwMDAwMDAsInVwZGF0ZSI6MzYwMDAwMDAwMDAwMH19",
          "dependencies": [
            "aws_eks_addon.vpc_cni",
            "aws_eks_cluster.main",
            "aws_iam_role.eks_cluster",
            "aws_iam_role.worker_nodes",
            "aws_iam_role_policy_attachment.cni_policy",
            "aws_iam_role_policy_attachment.ecr_readonly",
            "aws_iam_role_policy_attachment.eks_cluster_policy",
            "aws_iam_role_policy_attachment.worker_node_policy",
            "aws_security_group.eks_cluster",
            "aws_subnet.private_1",
            "aws_subnet.private_2",
            "aws_subnet.public_1",
            "aws_subnet.public_2",
            "aws_vpc.main"
          ]
        }
      ]
    },
    {
      "mode": "managed",
      "type": "aws_iam_role",
      "name": "eks_cluster",
      "provider": "provider[\"registry.terraform.io/hashicorp/aws\"]",
      "instances": [
        {
          "schema_version": 0,
          "attributes": {
            "arn": "arn:aws:iam::755917176506:role/flask-ecommerce-dev-eks-cluster-role",
            "assume_role_policy": "{\"Statement\":[{\"Action\":\"sts:AssumeRole\",\"Effect\":\"Allow\",\"Principal\":{\"Service\":\"eks.amazonaws.com\"}}],\"Version\":\"2012-10-17\"}",
            "create_date": "2026-06-29T19:42:54Z",
            "description": "",
            "force_detach_policies": false,
            "id": "flask-ecommerce-dev-eks-cluster-role",
            "inline_policy": [],
            "managed_policy_arns": [
              "arn:aws:iam::aws:policy/AmazonEKSClusterPolicy"
            ],
            "max_session_duration": 3600,
            "name": "flask-ecommerce-dev-eks-cluster-role",
            "name_prefix": "",
            "path": "/",
            "permissions_boundary": "",
            "tags": {
              "Environment": "Dev",
              "Owner": "Vishwas",
              "Project": "Flask-Ecommerce"
            },
            "tags_all": {
              "Environment": "Dev",
              "Owner": "Vishwas",
              "Project": "Flask-Ecommerce"
            },
            "unique_id": "AROA3AABMX25EORXSHWCL"
          },
          "sensitive_attributes": [],
          "identity_schema_version": 0,
          "private": "bnVsbA=="
        }
      ]
    },
    {
      "mode": "managed",
      "type": "aws_iam_role",
      "name": "worker_nodes",
      "provider": "provider[\"registry.terraform.io/hashicorp/aws\"]",
      "instances": [
        {
          "schema_version": 0,
          "attributes": {
            "arn": "arn:aws:iam::755917176506:role/flask-ecommerce-dev-worker-node-role",
            "assume_role_policy": "{\"Statement\":[{\"Action\":\"sts:AssumeRole\",\"Effect\":\"Allow\",\"Principal\":{\"Service\":\"ec2.amazonaws.com\"}}],\"Version\":\"2012-10-17\"}",
            "create_date": "2026-06-29T19:42:54Z",
            "description": "",
            "force_detach_policies": false,
            "id": "flask-ecommerce-dev-worker-node-role",
            "inline_policy": [],
            "managed_policy_arns": [
              "arn:aws:iam::aws:policy/AmazonEC2ContainerRegistryReadOnly",
              "arn:aws:iam::aws:policy/AmazonEKSWorkerNodePolicy",
              "arn:aws:iam::aws:policy/AmazonEKS_CNI_Policy"
            ],
            "max_session_duration": 3600,
            "name": "flask-ecommerce-dev-worker-node-role",
            "name_prefix": "",
            "path": "/",
            "permissions_boundary": "",
            "tags": {
              "Environment": "Dev",
              "Owner": "Vishwas",
              "Project": "Flask-Ecommerce"
            },
            "tags_all": {
              "Environment": "Dev",
              "Owner": "Vishwas",
              "Project": "Flask-Ecommerce"
            },
            "unique_id": "AROA3AABMX25FIGPPZKRE"
          },
          "sensitive_attributes": [],
          "identity_schema_version": 0,
          "private": "bnVsbA=="
        }
      ]
    },
    {
      "mode": "managed",
      "type": "aws_iam_role_policy_attachment",
      "name": "cni_policy",
      "provider": "provider[\"registry.terraform.io/hashicorp/aws\"]",
      "instances": [
        {
          "schema_version": 0,
          "attributes": {
            "id": "flask-ecommerce-dev-worker-node-role-20260629194255065700000002",
            "policy_arn": "arn:aws:iam::aws:policy/AmazonEKS_CNI_Policy",
            "role": "flask-ecommerce-dev-worker-node-role"
          },
          "sensitive_attributes": [],
          "identity_schema_version": 0,
          "private": "bnVsbA==",
          "dependencies": [
            "aws_iam_role.worker_nodes"
          ]
        }
      ]
    },
    {
      "mode": "managed",
      "type": "aws_iam_role_policy_attachment",
      "name": "ecr_readonly",
      "provider": "provider[\"registry.terraform.io/hashicorp/aws\"]",
      "instances": [
        {
          "schema_version": 0,
          "attributes": {
            "id": "flask-ecommerce-dev-worker-node-role-20260629194254995100000001",
            "policy_arn": "arn:aws:iam::aws:policy/AmazonEC2ContainerRegistryReadOnly",
            "role": "flask-ecommerce-dev-worker-node-role"
          },
          "sensitive_attributes": [],
          "identity_schema_version": 0,
          "private": "bnVsbA==",
          "dependencies": [
            "aws_iam_role.worker_nodes"
          ]
        }
      ]
    },
    {
      "mode": "managed",
      "type": "aws_iam_role_policy_attachment",
      "name": "eks_cluster_policy",
      "provider": "provider[\"registry.terraform.io/hashicorp/aws\"]",
      "instances": [
        {
          "schema_version": 0,
          "attributes": {
            "id": "flask-ecommerce-dev-eks-cluster-role-20260629194255286700000004",
            "policy_arn": "arn:aws:iam::aws:policy/AmazonEKSClusterPolicy",
            "role": "flask-ecommerce-dev-eks-cluster-role"
          },
          "sensitive_attributes": [],
          "identity_schema_version": 0,
          "private": "bnVsbA==",
          "dependencies": [
            "aws_iam_role.eks_cluster"
          ]
        }
      ]
    },
    {
      "mode": "managed",
      "type": "aws_iam_role_policy_attachment",
      "name": "worker_node_policy",
      "provider": "provider[\"registry.terraform.io/hashicorp/aws\"]",
      "instances": [
        {
          "schema_version": 0,
          "attributes": {
            "id": "flask-ecommerce-dev-worker-node-role-20260629194255159500000003",
            "policy_arn": "arn:aws:iam::aws:policy/AmazonEKSWorkerNodePolicy",
            "role": "flask-ecommerce-dev-worker-node-role"
          },
          "sensitive_attributes": [],
          "identity_schema_version": 0,
          "private": "bnVsbA==",
          "dependencies": [
            "aws_iam_role.worker_nodes"
          ]
        }
      ]
    },
    {
      "mode": "managed",
      "type": "aws_internet_gateway",
      "name": "main",
      "provider": "provider[\"registry.terraform.io/hashicorp/aws\"]",
      "instances": [
        {
          "schema_version": 0,
          "attributes": {
            "arn": "arn:aws:ec2:ap-south-1:755917176506:internet-gateway/igw-0e9c2fa39d6a1eb30",
            "id": "igw-0e9c2fa39d6a1eb30",
            "owner_id": "755917176506",
            "tags": {
              "Environment": "Dev",
              "Name": "flask-ecommerce-dev-igw",
              "Owner": "Vishwas",
              "Project": "Flask-Ecommerce"
            },
            "tags_all": {
              "Environment": "Dev",
              "Name": "flask-ecommerce-dev-igw",
              "Owner": "Vishwas",
              "Project": "Flask-Ecommerce"
            },
            "timeouts": null,
            "vpc_id": "vpc-0cec188146c2a62f7"
          },
          "sensitive_attributes": [],
          "identity_schema_version": 0,
          "private": "eyJlMmJmYjczMC1lY2FhLTExZTYtOGY4OC0zNDM2M2JjN2M0YzAiOnsiY3JlYXRlIjoxMjAwMDAwMDAwMDAwLCJkZWxldGUiOjEyMDAwMDAwMDAwMDAsInVwZGF0ZSI6MTIwMDAwMDAwMDAwMH19",
          "dependencies": [
            "aws_vpc.main"
          ]
        }
      ]
    },
    {
      "mode": "managed",
      "type": "aws_nat_gateway",
      "name": "main",
      "provider": "provider[\"registry.terraform.io/hashicorp/aws\"]",
      "instances": [
        {
          "schema_version": 0,
          "attributes": {
            "allocation_id": "eipalloc-033d525e98093305b",
            "association_id": "eipassoc-03dc9b5dfda9285dd",
            "connectivity_type": "public",
            "id": "nat-04341c425f4e8893f",
            "network_interface_id": "eni-0ceb67877d555d74e",
            "private_ip": "10.0.1.113",
            "public_ip": "43.205.185.249",
            "secondary_allocation_ids": null,
            "secondary_private_ip_address_count": 0,
            "secondary_private_ip_addresses": [],
            "subnet_id": "subnet-09453e79d76114cf1",
            "tags": {
              "Environment": "Dev",
              "Name": "flask-ecommerce-dev-nat-gateway",
              "Owner": "Vishwas",
              "Project": "Flask-Ecommerce"
            },
            "tags_all": {
              "Environment": "Dev",
              "Name": "flask-ecommerce-dev-nat-gateway",
              "Owner": "Vishwas",
              "Project": "Flask-Ecommerce"
            },
            "timeouts": null
          },
          "sensitive_attributes": [],
          "identity_schema_version": 0,
          "private": "eyJlMmJmYjczMC1lY2FhLTExZTYtOGY4OC0zNDM2M2JjN2M0YzAiOnsiY3JlYXRlIjo2MDAwMDAwMDAwMDAsImRlbGV0ZSI6MTgwMDAwMDAwMDAwMCwidXBkYXRlIjo2MDAwMDAwMDAwMDB9fQ==",
          "dependencies": [
            "aws_eip.nat",
            "aws_internet_gateway.main",
            "aws_subnet.public_1",
            "aws_vpc.main"
          ]
        }
      ]
    },
    {
      "mode": "managed",
      "type": "aws_route",
      "name": "private_nat",
      "provider": "provider[\"registry.terraform.io/hashicorp/aws\"]",
      "instances": [
        {
          "schema_version": 0,
          "attributes": {
            "carrier_gateway_id": "",
            "core_network_arn": "",
            "destination_cidr_block": "0.0.0.0/0",
            "destination_ipv6_cidr_block": "",
            "destination_prefix_list_id": "",
            "egress_only_gateway_id": "",
            "gateway_id": "",
            "id": "r-rtb-0dc338168195241de1080289494",
            "instance_id": "",
            "instance_owner_id": "",
            "local_gateway_id": "",
            "nat_gateway_id": "nat-04341c425f4e8893f",
            "network_interface_id": "",
            "origin": "CreateRoute",
            "route_table_id": "rtb-0dc338168195241de",
            "state": "active",
            "timeouts": null,
            "transit_gateway_id": "",
            "vpc_endpoint_id": "",
            "vpc_peering_connection_id": ""
          },
          "sensitive_attributes": [],
          "identity_schema_version": 0,
          "private": "eyJlMmJmYjczMC1lY2FhLTExZTYtOGY4OC0zNDM2M2JjN2M0YzAiOnsiY3JlYXRlIjozMDAwMDAwMDAwMDAsImRlbGV0ZSI6MzAwMDAwMDAwMDAwLCJ1cGRhdGUiOjEyMDAwMDAwMDAwMH19",
          "dependencies": [
            "aws_eip.nat",
            "aws_internet_gateway.main",
            "aws_nat_gateway.main",
            "aws_route_table.private",
            "aws_subnet.public_1",
            "aws_vpc.main"
          ]
        }
      ]
    },
    {
      "mode": "managed",
      "type": "aws_route_table",
      "name": "private",
      "provider": "provider[\"registry.terraform.io/hashicorp/aws\"]",
      "instances": [
        {
          "schema_version": 0,
          "attributes": {
            "arn": "arn:aws:ec2:ap-south-1:755917176506:route-table/rtb-0dc338168195241de",
            "id": "rtb-0dc338168195241de",
            "owner_id": "755917176506",
            "propagating_vgws": [],
            "route": [],
            "tags": {
              "Environment": "Dev",
              "Name": "flask-ecommerce-dev-private-rt",
              "Owner": "Vishwas",
              "Project": "Flask-Ecommerce"
            },
            "tags_all": {
              "Environment": "Dev",
              "Name": "flask-ecommerce-dev-private-rt",
              "Owner": "Vishwas",
              "Project": "Flask-Ecommerce"
            },
            "timeouts": null,
            "vpc_id": "vpc-0cec188146c2a62f7"
          },
          "sensitive_attributes": [],
          "identity_schema_version": 0,
          "private": "eyJlMmJmYjczMC1lY2FhLTExZTYtOGY4OC0zNDM2M2JjN2M0YzAiOnsiY3JlYXRlIjozMDAwMDAwMDAwMDAsImRlbGV0ZSI6MzAwMDAwMDAwMDAwLCJ1cGRhdGUiOjEyMDAwMDAwMDAwMH19",
          "dependencies": [
            "aws_vpc.main"
          ]
        }
      ]
    },
    {
      "mode": "managed",
      "type": "aws_route_table",
      "name": "public",
      "provider": "provider[\"registry.terraform.io/hashicorp/aws\"]",
      "instances": [
        {
          "schema_version": 0,
          "attributes": {
            "arn": "arn:aws:ec2:ap-south-1:755917176506:route-table/rtb-0e21efaf97001c243",
            "id": "rtb-0e21efaf97001c243",
            "owner_id": "755917176506",
            "propagating_vgws": [],
            "route": [
              {
                "carrier_gateway_id": "",
                "cidr_block": "0.0.0.0/0",
                "core_network_arn": "",
                "destination_prefix_list_id": "",
                "egress_only_gateway_id": "",
                "gateway_id": "igw-0e9c2fa39d6a1eb30",
                "ipv6_cidr_block": "",
                "local_gateway_id": "",
                "nat_gateway_id": "",
                "network_interface_id": "",
                "transit_gateway_id": "",
                "vpc_endpoint_id": "",
                "vpc_peering_connection_id": ""
              }
            ],
            "tags": {
              "Environment": "Dev",
              "Name": "flask-ecommerce-dev-public-rt",
              "Owner": "Vishwas",
              "Project": "Flask-Ecommerce"
            },
            "tags_all": {
              "Environment": "Dev",
              "Name": "flask-ecommerce-dev-public-rt",
              "Owner": "Vishwas",
              "Project": "Flask-Ecommerce"
            },
            "timeouts": null,
            "vpc_id": "vpc-0cec188146c2a62f7"
          },
          "sensitive_attributes": [],
          "identity_schema_version": 0,
          "private": "eyJlMmJmYjczMC1lY2FhLTExZTYtOGY4OC0zNDM2M2JjN2M0YzAiOnsiY3JlYXRlIjozMDAwMDAwMDAwMDAsImRlbGV0ZSI6MzAwMDAwMDAwMDAwLCJ1cGRhdGUiOjEyMDAwMDAwMDAwMH19",
          "dependencies": [
            "aws_internet_gateway.main",
            "aws_vpc.main"
          ]
        }
      ]
    },
    {
      "mode": "managed",
      "type": "aws_route_table_association",
      "name": "private_1",
      "provider": "provider[\"registry.terraform.io/hashicorp/aws\"]",
      "instances": [
        {
          "schema_version": 0,
          "attributes": {
            "gateway_id": "",
            "id": "rtbassoc-0283c643e6ea8b553",
            "route_table_id": "rtb-0dc338168195241de",
            "subnet_id": "subnet-0831f572c2fd2b5cb",
            "timeouts": null
          },
          "sensitive_attributes": [],
          "identity_schema_version": 0,
          "private": "eyJlMmJmYjczMC1lY2FhLTExZTYtOGY4OC0zNDM2M2JjN2M0YzAiOnsiY3JlYXRlIjozMDAwMDAwMDAwMDAsImRlbGV0ZSI6MzAwMDAwMDAwMDAwLCJ1cGRhdGUiOjEyMDAwMDAwMDAwMH19",
          "dependencies": [
            "aws_route_table.private",
            "aws_subnet.private_1",
            "aws_vpc.main"
          ]
        }
      ]
    },
    {
      "mode": "managed",
      "type": "aws_route_table_association",
      "name": "private_2",
      "provider": "provider[\"registry.terraform.io/hashicorp/aws\"]",
      "instances": [
        {
          "schema_version": 0,
          "attributes": {
            "gateway_id": "",
            "id": "rtbassoc-0c64369f653c57703",
            "route_table_id": "rtb-0dc338168195241de",
            "subnet_id": "subnet-0c4a03dfe7ce77686",
            "timeouts": null
          },
          "sensitive_attributes": [],
          "identity_schema_version": 0,
          "private": "eyJlMmJmYjczMC1lY2FhLTExZTYtOGY4OC0zNDM2M2JjN2M0YzAiOnsiY3JlYXRlIjozMDAwMDAwMDAwMDAsImRlbGV0ZSI6MzAwMDAwMDAwMDAwLCJ1cGRhdGUiOjEyMDAwMDAwMDAwMH19",
          "dependencies": [
            "aws_route_table.private",
            "aws_subnet.private_2",
            "aws_vpc.main"
          ]
        }
      ]
    },
    {
      "mode": "managed",
      "type": "aws_route_table_association",
      "name": "public_1",
      "provider": "provider[\"registry.terraform.io/hashicorp/aws\"]",
      "instances": [
        {
          "schema_version": 0,
          "attributes": {
            "gateway_id": "",
            "id": "rtbassoc-0017927e894c29109",
            "route_table_id": "rtb-0e21efaf97001c243",
            "subnet_id": "subnet-09453e79d76114cf1",
            "timeouts": null
          },
          "sensitive_attributes": [],
          "identity_schema_version": 0,
          "private": "eyJlMmJmYjczMC1lY2FhLTExZTYtOGY4OC0zNDM2M2JjN2M0YzAiOnsiY3JlYXRlIjozMDAwMDAwMDAwMDAsImRlbGV0ZSI6MzAwMDAwMDAwMDAwLCJ1cGRhdGUiOjEyMDAwMDAwMDAwMH19",
          "dependencies": [
            "aws_internet_gateway.main",
            "aws_route_table.public",
            "aws_subnet.public_1",
            "aws_vpc.main"
          ]
        }
      ]
    },
    {
      "mode": "managed",
      "type": "aws_route_table_association",
      "name": "public_2",
      "provider": "provider[\"registry.terraform.io/hashicorp/aws\"]",
      "instances": [
        {
          "schema_version": 0,
          "attributes": {
            "gateway_id": "",
            "id": "rtbassoc-0cb9f3a2b792076d9",
            "route_table_id": "rtb-0e21efaf97001c243",
            "subnet_id": "subnet-08fcec52b115ef675",
            "timeouts": null
          },
          "sensitive_attributes": [],
          "identity_schema_version": 0,
          "private": "eyJlMmJmYjczMC1lY2FhLTExZTYtOGY4OC0zNDM2M2JjN2M0YzAiOnsiY3JlYXRlIjozMDAwMDAwMDAwMDAsImRlbGV0ZSI6MzAwMDAwMDAwMDAwLCJ1cGRhdGUiOjEyMDAwMDAwMDAwMH19",
          "dependencies": [
            "aws_internet_gateway.main",
            "aws_route_table.public",
            "aws_subnet.public_2",
            "aws_vpc.main"
          ]
        }
      ]
    },
    {
      "mode": "managed",
      "type": "aws_security_group",
      "name": "eks_cluster",
      "provider": "provider[\"registry.terraform.io/hashicorp/aws\"]",
      "instances": [
        {
          "schema_version": 1,
          "attributes": {
            "arn": "arn:aws:ec2:ap-south-1:755917176506:security-group/sg-0518a4c647f316f75",
            "description": "Security Group for EKS Control Plane",
            "egress": [
              {
                "cidr_blocks": [
                  "0.0.0.0/0"
                ],
                "description": "",
                "from_port": 0,
                "ipv6_cidr_blocks": [],
                "prefix_list_ids": [],
                "protocol": "-1",
                "security_groups": [],
                "self": false,
                "to_port": 0
              }
            ],
            "id": "sg-0518a4c647f316f75",
            "ingress": [
              {
                "cidr_blocks": [
                  "0.0.0.0/0"
                ],
                "description": "HTTPS",
                "from_port": 443,
                "ipv6_cidr_blocks": [],
                "prefix_list_ids": [],
                "protocol": "tcp",
                "security_groups": [],
                "self": false,
                "to_port": 443
              }
            ],
            "name": "flask-ecommerce-dev-eks-cluster-sg",
            "name_prefix": "",
            "owner_id": "755917176506",
            "revoke_rules_on_delete": false,
            "tags": {
              "Environment": "Dev",
              "Name": "flask-ecommerce-dev-eks-cluster-sg",
              "Owner": "Vishwas",
              "Project": "Flask-Ecommerce"
            },
            "tags_all": {
              "Environment": "Dev",
              "Name": "flask-ecommerce-dev-eks-cluster-sg",
              "Owner": "Vishwas",
              "Project": "Flask-Ecommerce"
            },
            "timeouts": null,
            "vpc_id": "vpc-0cec188146c2a62f7"
          },
          "sensitive_attributes": [],
          "identity_schema_version": 0,
          "private": "eyJlMmJmYjczMC1lY2FhLTExZTYtOGY4OC0zNDM2M2JjN2M0YzAiOnsiY3JlYXRlIjo2MDAwMDAwMDAwMDAsImRlbGV0ZSI6OTAwMDAwMDAwMDAwfSwic2NoZW1hX3ZlcnNpb24iOiIxIn0=",
          "dependencies": [
            "aws_vpc.main"
          ]
        }
      ]
    },
    {
      "mode": "managed",
      "type": "aws_security_group",
      "name": "worker_nodes",
      "provider": "provider[\"registry.terraform.io/hashicorp/aws\"]",
      "instances": [
        {
          "schema_version": 1,
          "attributes": {
            "arn": "arn:aws:ec2:ap-south-1:755917176506:security-group/sg-0c5d44334a47ebb70",
            "description": "Security Group for Worker Nodes",
            "egress": [
              {
                "cidr_blocks": [
                  "0.0.0.0/0"
                ],
                "description": "",
                "from_port": 0,
                "ipv6_cidr_blocks": [],
                "prefix_list_ids": [],
                "protocol": "-1",
                "security_groups": [],
                "self": false,
                "to_port": 0
              }
            ],
            "id": "sg-0c5d44334a47ebb70",
            "ingress": [
              {
                "cidr_blocks": [],
                "description": "Node Communication",
                "from_port": 0,
                "ipv6_cidr_blocks": [],
                "prefix_list_ids": [],
                "protocol": "tcp",
                "security_groups": [],
                "self": true,
                "to_port": 65535
              }
            ],
            "name": "flask-ecommerce-dev-worker-node-sg",
            "name_prefix": "",
            "owner_id": "755917176506",
            "revoke_rules_on_delete": false,
            "tags": {
              "Environment": "Dev",
              "Name": "flask-ecommerce-dev-worker-node-sg",
              "Owner": "Vishwas",
              "Project": "Flask-Ecommerce"
            },
            "tags_all": {
              "Environment": "Dev",
              "Name": "flask-ecommerce-dev-worker-node-sg",
              "Owner": "Vishwas",
              "Project": "Flask-Ecommerce"
            },
            "timeouts": null,
            "vpc_id": "vpc-0cec188146c2a62f7"
          },
          "sensitive_attributes": [],
          "identity_schema_version": 0,
          "private": "eyJlMmJmYjczMC1lY2FhLTExZTYtOGY4OC0zNDM2M2JjN2M0YzAiOnsiY3JlYXRlIjo2MDAwMDAwMDAwMDAsImRlbGV0ZSI6OTAwMDAwMDAwMDAwfSwic2NoZW1hX3ZlcnNpb24iOiIxIn0=",
          "dependencies": [
            "aws_vpc.main"
          ]
        }
      ]
    },
    {
      "mode": "managed",
      "type": "aws_subnet",
      "name": "private_1",
      "provider": "provider[\"registry.terraform.io/hashicorp/aws\"]",
      "instances": [
        {
          "schema_version": 1,
          "attributes": {
            "arn": "arn:aws:ec2:ap-south-1:755917176506:subnet/subnet-0831f572c2fd2b5cb",
            "assign_ipv6_address_on_creation": false,
            "availability_zone": "ap-south-1a",
            "availability_zone_id": "aps1-az1",
            "cidr_block": "10.0.3.0/24",
            "customer_owned_ipv4_pool": "",
            "enable_dns64": false,
            "enable_lni_at_device_index": 0,
            "enable_resource_name_dns_a_record_on_launch": false,
            "enable_resource_name_dns_aaaa_record_on_launch": false,
            "id": "subnet-0831f572c2fd2b5cb",
            "ipv6_cidr_block": "",
            "ipv6_cidr_block_association_id": "",
            "ipv6_native": false,
            "map_customer_owned_ip_on_launch": false,
            "map_public_ip_on_launch": false,
            "outpost_arn": "",
            "owner_id": "755917176506",
            "private_dns_hostname_type_on_launch": "ip-name",
            "tags": {
              "Environment": "Dev",
              "Name": "flask-ecommerce-dev-private-subnet-1",
              "Owner": "Vishwas",
              "Project": "Flask-Ecommerce",
              "Type": "Private"
            },
            "tags_all": {
              "Environment": "Dev",
              "Name": "flask-ecommerce-dev-private-subnet-1",
              "Owner": "Vishwas",
              "Project": "Flask-Ecommerce",
              "Type": "Private"
            },
            "timeouts": null,
            "vpc_id": "vpc-0cec188146c2a62f7"
          },
          "sensitive_attributes": [],
          "identity_schema_version": 0,
          "private": "eyJlMmJmYjczMC1lY2FhLTExZTYtOGY4OC0zNDM2M2JjN2M0YzAiOnsiY3JlYXRlIjo2MDAwMDAwMDAwMDAsImRlbGV0ZSI6MTIwMDAwMDAwMDAwMH0sInNjaGVtYV92ZXJzaW9uIjoiMSJ9",
          "dependencies": [
            "aws_vpc.main"
          ]
        }
      ]
    },
    {
      "mode": "managed",
      "type": "aws_subnet",
      "name": "private_2",
      "provider": "provider[\"registry.terraform.io/hashicorp/aws\"]",
      "instances": [
        {
          "schema_version": 1,
          "attributes": {
            "arn": "arn:aws:ec2:ap-south-1:755917176506:subnet/subnet-0c4a03dfe7ce77686",
            "assign_ipv6_address_on_creation": false,
            "availability_zone": "ap-south-1b",
            "availability_zone_id": "aps1-az3",
            "cidr_block": "10.0.4.0/24",
            "customer_owned_ipv4_pool": "",
            "enable_dns64": false,
            "enable_lni_at_device_index": 0,
            "enable_resource_name_dns_a_record_on_launch": false,
            "enable_resource_name_dns_aaaa_record_on_launch": false,
            "id": "subnet-0c4a03dfe7ce77686",
            "ipv6_cidr_block": "",
            "ipv6_cidr_block_association_id": "",
            "ipv6_native": false,
            "map_customer_owned_ip_on_launch": false,
            "map_public_ip_on_launch": false,
            "outpost_arn": "",
            "owner_id": "755917176506",
            "private_dns_hostname_type_on_launch": "ip-name",
            "tags": {
              "Environment": "Dev",
              "Name": "flask-ecommerce-dev-private-subnet-2",
              "Owner": "Vishwas",
              "Project": "Flask-Ecommerce",
              "Type": "Private"
            },
            "tags_all": {
              "Environment": "Dev",
              "Name": "flask-ecommerce-dev-private-subnet-2",
              "Owner": "Vishwas",
              "Project": "Flask-Ecommerce",
              "Type": "Private"
            },
            "timeouts": null,
            "vpc_id": "vpc-0cec188146c2a62f7"
          },
          "sensitive_attributes": [],
          "identity_schema_version": 0,
          "private": "eyJlMmJmYjczMC1lY2FhLTExZTYtOGY4OC0zNDM2M2JjN2M0YzAiOnsiY3JlYXRlIjo2MDAwMDAwMDAwMDAsImRlbGV0ZSI6MTIwMDAwMDAwMDAwMH0sInNjaGVtYV92ZXJzaW9uIjoiMSJ9",
          "dependencies": [
            "aws_vpc.main"
          ]
        }
      ]
    },
    {
      "mode": "managed",
      "type": "aws_subnet",
      "name": "public_1",
      "provider": "provider[\"registry.terraform.io/hashicorp/aws\"]",
      "instances": [
        {
          "schema_version": 1,
          "attributes": {
            "arn": "arn:aws:ec2:ap-south-1:755917176506:subnet/subnet-09453e79d76114cf1",
            "assign_ipv6_address_on_creation": false,
            "availability_zone": "ap-south-1a",
            "availability_zone_id": "aps1-az1",
            "cidr_block": "10.0.1.0/24",
            "customer_owned_ipv4_pool": "",
            "enable_dns64": false,
            "enable_lni_at_device_index": 0,
            "enable_resource_name_dns_a_record_on_launch": false,
            "enable_resource_name_dns_aaaa_record_on_launch": false,
            "id": "subnet-09453e79d76114cf1",
            "ipv6_cidr_block": "",
            "ipv6_cidr_block_association_id": "",
            "ipv6_native": false,
            "map_customer_owned_ip_on_launch": false,
            "map_public_ip_on_launch": true,
            "outpost_arn": "",
            "owner_id": "755917176506",
            "private_dns_hostname_type_on_launch": "ip-name",
            "tags": {
              "Environment": "Dev",
              "Name": "flask-ecommerce-dev-public-subnet-1",
              "Owner": "Vishwas",
              "Project": "Flask-Ecommerce",
              "Type": "Public"
            },
            "tags_all": {
              "Environment": "Dev",
              "Name": "flask-ecommerce-dev-public-subnet-1",
              "Owner": "Vishwas",
              "Project": "Flask-Ecommerce",
              "Type": "Public"
            },
            "timeouts": null,
            "vpc_id": "vpc-0cec188146c2a62f7"
          },
          "sensitive_attributes": [],
          "identity_schema_version": 0,
          "private": "eyJlMmJmYjczMC1lY2FhLTExZTYtOGY4OC0zNDM2M2JjN2M0YzAiOnsiY3JlYXRlIjo2MDAwMDAwMDAwMDAsImRlbGV0ZSI6MTIwMDAwMDAwMDAwMH0sInNjaGVtYV92ZXJzaW9uIjoiMSJ9",
          "dependencies": [
            "aws_vpc.main"
          ]
        }
      ]
    },
    {
      "mode": "managed",
      "type": "aws_subnet",
      "name": "public_2",
      "provider": "provider[\"registry.terraform.io/hashicorp/aws\"]",
      "instances": [
        {
          "schema_version": 1,
          "attributes": {
            "arn": "arn:aws:ec2:ap-south-1:755917176506:subnet/subnet-08fcec52b115ef675",
            "assign_ipv6_address_on_creation": false,
            "availability_zone": "ap-south-1b",
            "availability_zone_id": "aps1-az3",
            "cidr_block": "10.0.2.0/24",
            "customer_owned_ipv4_pool": "",
            "enable_dns64": false,
            "enable_lni_at_device_index": 0,
            "enable_resource_name_dns_a_record_on_launch": false,
            "enable_resource_name_dns_aaaa_record_on_launch": false,
            "id": "subnet-08fcec52b115ef675",
            "ipv6_cidr_block": "",
            "ipv6_cidr_block_association_id": "",
            "ipv6_native": false,
            "map_customer_owned_ip_on_launch": false,
            "map_public_ip_on_launch": true,
            "outpost_arn": "",
            "owner_id": "755917176506",
            "private_dns_hostname_type_on_launch": "ip-name",
            "tags": {
              "Environment": "Dev",
              "Name": "flask-ecommerce-dev-public-subnet-2",
              "Owner": "Vishwas",
              "Project": "Flask-Ecommerce",
              "Type": "Public"
            },
            "tags_all": {
              "Environment": "Dev",
              "Name": "flask-ecommerce-dev-public-subnet-2",
              "Owner": "Vishwas",
              "Project": "Flask-Ecommerce",
              "Type": "Public"
            },
            "timeouts": null,
            "vpc_id": "vpc-0cec188146c2a62f7"
          },
          "sensitive_attributes": [],
          "identity_schema_version": 0,
          "private": "eyJlMmJmYjczMC1lY2FhLTExZTYtOGY4OC0zNDM2M2JjN2M0YzAiOnsiY3JlYXRlIjo2MDAwMDAwMDAwMDAsImRlbGV0ZSI6MTIwMDAwMDAwMDAwMH0sInNjaGVtYV92ZXJzaW9uIjoiMSJ9",
          "dependencies": [
            "aws_vpc.main"
          ]
        }
      ]
    },
    {
      "mode": "managed",
      "type": "aws_vpc",
      "name": "main",
      "provider": "provider[\"registry.terraform.io/hashicorp/aws\"]",
      "instances": [
        {
          "schema_version": 1,
          "attributes": {
            "arn": "arn:aws:ec2:ap-south-1:755917176506:vpc/vpc-0cec188146c2a62f7",
            "assign_generated_ipv6_cidr_block": false,
            "cidr_block": "10.0.0.0/16",
            "default_network_acl_id": "acl-0798c9bb34f5213b5",
            "default_route_table_id": "rtb-058d9ffecfb02139f",
            "default_security_group_id": "sg-0f302f20165300244",
            "dhcp_options_id": "dopt-092d57808d0d81f60",
            "enable_dns_hostnames": true,
            "enable_dns_support": true,
            "enable_network_address_usage_metrics": false,
            "id": "vpc-0cec188146c2a62f7",
            "instance_tenancy": "default",
            "ipv4_ipam_pool_id": null,
            "ipv4_netmask_length": null,
            "ipv6_association_id": "",
            "ipv6_cidr_block": "",
            "ipv6_cidr_block_network_border_group": "",
            "ipv6_ipam_pool_id": "",
            "ipv6_netmask_length": 0,
            "main_route_table_id": "rtb-058d9ffecfb02139f",
            "owner_id": "755917176506",
            "tags": {
              "Environment": "Dev",
              "Name": "flask-ecommerce-dev-vpc",
              "Owner": "Vishwas",
              "Project": "Flask-Ecommerce"
            },
            "tags_all": {
              "Environment": "Dev",
              "Name": "flask-ecommerce-dev-vpc",
              "Owner": "Vishwas",
              "Project": "Flask-Ecommerce"
            }
          },
          "sensitive_attributes": [],
          "identity_schema_version": 0,
          "private": "eyJzY2hlbWFfdmVyc2lvbiI6IjEifQ=="
        }
      ]
    }
  ],
  "check_results": null
}
